Microsoft Visual Studio Solution File, Format Version 12.00
# Visual Studio Version 17
VisualStudioVersion = 17.5.2.0
MinimumVisualStudioVersion = 10.0.40219.1
Project("{FAE04EC0-301F-11D3-BF4B-00C04F79EFBC}") = "Clasificacion_Edad", "Clasificacion_Edad.csproj", "{0D7D1779-8FE6-0B76-8136-54F99770C7AF}"
EndProject
Global
	GlobalSection(SolutionConfigurationPlatforms) = preSolution
		Debug|Any CPU = Debug|Any CPU
		Release|Any CPU = Release|Any CPU
	EndGlobalSection
	GlobalSection(ProjectConfigurationPlatforms) = postSolution
		{0D7D1779-8FE6-0B76-8136-54F99770C7AF}.Debug|Any CPU.ActiveCfg = Debug|Any CPU
		{0D7D1779-8FE6-0B76-8136-54F99770C7AF}.Debug|Any CPU.Build.0 = Debug|Any CPU
		{0D7D1779-8FE6-0B76-8136-54F99770C7AF}.Release|Any CPU.ActiveCfg = Release|Any CPU
		{0D7D1779-8FE6-0B76-8136-54F99770C7AF}.Release|Any CPU.Build.0 = Release|Any CPU
	EndGlobalSection
	GlobalSection(SolutionProperties) = preSolution
		HideSolutionNode = FALSE
	EndGlobalSection
	GlobalSection(ExtensibilityGlobals) = postSolution
		SolutionGuid = {7B1B22B8-4C23-4CE2-9E6D-350C118D7990}
	EndGlobalSection
EndGlobal
