Microsoft Visual Studio Solution File, Format Version 12.00
# Visual Studio Version 17
VisualStudioVersion = 17.5.2.0
MinimumVisualStudioVersion = 10.0.40219.1
Project("{FAE04EC0-301F-11D3-BF4B-00C04F79EFBC}") = "Verificacion_Acceso", "Verificacion_Acceso.csproj", "{7767DB6B-6A15-D584-CAFC-9FF4A3B31EA5}"
EndProject
Global
	GlobalSection(SolutionConfigurationPlatforms) = preSolution
		Debug|Any CPU = Debug|Any CPU
		Release|Any CPU = Release|Any CPU
	EndGlobalSection
	GlobalSection(ProjectConfigurationPlatforms) = postSolution
		{7767DB6B-6A15-D584-CAFC-9FF4A3B31EA5}.Debug|Any CPU.ActiveCfg = Debug|Any CPU
		{7767DB6B-6A15-D584-CAFC-9FF4A3B31EA5}.Debug|Any CPU.Build.0 = Debug|Any CPU
		{7767DB6B-6A15-D584-CAFC-9FF4A3B31EA5}.Release|Any CPU.ActiveCfg = Release|Any CPU
		{7767DB6B-6A15-D584-CAFC-9FF4A3B31EA5}.Release|Any CPU.Build.0 = Release|Any CPU
	EndGlobalSection
	GlobalSection(SolutionProperties) = preSolution
		HideSolutionNode = FALSE
	EndGlobalSection
	GlobalSection(ExtensibilityGlobals) = postSolution
		SolutionGuid = {563F63FC-6563-4731-91D7-6DF7CD0E0555}
	EndGlobalSection
EndGlobal
